// !$*UTF8*$!
{
	archiveVersion = 1;
	classes = {
	};
	objectVersion = 46;
	objects = {

/* Begin PBXBuildFile section */
		958EC5EB1BBDA27400DE9964 /* main.m in Sources */ = {isa = PBXBuildFile; fileRef = 958EC5EA1BBDA27400DE9964 /* main.m */; };
		958EC5EE1BBDA27400DE9964 /* AppDelegate.m in Sources */ = {isa = PBXBuildFile; fileRef = 958EC5ED1BBDA27400DE9964 /* AppDelegate.m */; };
		958EC5F11BBDA27400DE9964 /* FirstViewController.m in Sources */ = {isa = PBXBuildFile; fileRef = 958EC5F01BBDA27400DE9964 /* FirstViewController.m */; };
		958EC5F41BBDA27400DE9964 /* Main.storyboard in Resources */ = {isa = PBXBuildFile; fileRef = 958EC5F21BBDA27400DE9964 /* Main.storyboard */; };
		958EC5F61BBDA27400DE9964 /* Assets.xcassets in Resources */ = {isa = PBXBuildFile; fileRef = 958EC5F51BBDA27400DE9964 /* Assets.xcassets */; };
		958EC5F91BBDA27400DE9964 /* LaunchScreen.storyboard in Resources */ = {isa = PBXBuildFile; fileRef = 958EC5F71BBDA27400DE9964 /* LaunchScreen.storyboard */; };
		958EC6021BBDA29A00DE9964 /* SecondViewController.m in Sources */ = {isa = PBXBuildFile; fileRef = 958EC6011BBDA29A00DE9964 /* SecondViewController.m */; settings = {ASSET_TAGS = (); }; };
/* End PBXBuildFile section */

/* Begin PBXFileReference section */
		958EC5E61BBDA27400DE9964 /* CodeUnwind.app */ = {isa = PBXFileReference; explicitFileType = wrapper.application; includeInIndex = 0; path = CodeUnwind.app; sourceTree = BUILT_PRODUCTS_DIR; };
		958EC5EA1BBDA27400DE9964 /* main.m */ = {isa = PBXFileReference; lastKnownFileType = sourcecode.c.objc; path = main.m; sourceTree = "<group>"; };
		958EC5EC1BBDA27400DE9964 /* AppDelegate.h */ = {isa = PBXFileReference; lastKnownFileType = sourcecode.c.h; path = AppDelegate.h; sourceTree = "<group>"; };
		958EC5ED1BBDA27400DE9964 /* AppDelegate.m */ = {isa = PBXFileReference; lastKnownFileType = sourcecode.c.objc; path = AppDelegate.m; sourceTree = "<group>"; };
		958EC5EF1BBDA27400DE9964 /* FirstViewController.h */ = {isa = PBXFileReference; lastKnownFileType = sourcecode.c.h; path = FirstViewController.h; sourceTree = "<group>"; };
		958EC5F01BBDA27400DE9964 /* FirstViewController.m */ = {isa = PBXFileReference; lastKnownFileType = sourcecode.c.objc; path = FirstViewController.m; sourceTree = "<group>"; };
		958EC5F31BBDA27400DE9964 /* Base */ = {isa = PBXFileReference; lastKnownFileType = file.storyboard; name = Base; path = Base.lproj/Main.storyboard; sourceTree = "<group>"; };
		958EC5F51BBDA27400DE9964 /* Assets.xcassets */ = {isa = PBXFileReference; lastKnownFileType = folder.assetcatalog; path = Assets.xcassets; sourceTree = "<group>"; };
		958EC5F81BBDA27400DE9964 /* Base */ = {isa = PBXFileReference; lastKnownFileType = file.storyboard; name = Base; path = Base.lproj/LaunchScreen.storyboard; sourceTree = "<group>"; };
		958EC5FA1BBDA27400DE9964 /* Info.plist */ = {isa = PBXFileReference; lastKnownFileType = text.plist.xml; path = Info.plist; sourceTree = "<group>"; };
		958EC6001BBDA29A00DE9964 /* SecondViewController.h */ = {isa = PBXFileReference; fileEncoding = 4; lastKnownFileType = sourcecode.c.h; path = SecondViewController.h; sourceTree = "<group>"; };
		958EC6011BBDA29A00DE9964 /* SecondViewController.m */ = {isa = PBXFileReference; fileEncoding = 4; lastKnownFileType = sourcecode.c.objc; path = SecondViewController.m; sourceTree = "<group>"; };
/* End PBXFileReference section */

/* Begin PBXFrameworksBuildPhase section */
		958EC5E31BBDA27400DE9964 /* Frameworks */ = {
			isa = PBXFrameworksBuildPhase;
			buildActionMask = 2147483647;
			files = (
			);
			runOnlyForDeploymentPostprocessing = 0;
		};
/* End PBXFrameworksBuildPhase section */

/* Begin PBXGroup section */
		958EC5DD1BBDA27400DE9964 = {
			isa = PBXGroup;
			children = (
				958EC5E81BBDA27400DE9964 /* CodeUnwind */,
				958EC5E71BBDA27400DE9964 /* Products */,
			);
			sourceTree = "<group>";
		};
		958EC5E71BBDA27400DE9964 /* Products */ = {
			isa = PBXGroup;
			children = (
				958EC5E61BBDA27400DE9964 /* CodeUnwind.app */,
			);
			name = Products;
			sourceTree = "<group>";
		};
		958EC5E81BBDA27400DE9964 /* CodeUnwind */ = {
			isa = PBXGroup;
			children = (
				958EC5EC1BBDA27400DE9964 /* AppDelegate.h */,
				958EC5ED1BBDA27400DE9964 /* AppDelegate.m */,
				958EC5EF1BBDA27400DE9964 /* FirstViewController.h */,
				958EC5F01BBDA27400DE9964 /* FirstViewController.m */,
				958EC5F21BBDA27400DE9964 /* Main.storyboard */,
				958EC5F51BBDA27400DE9964 /* Assets.xcassets */,
				958EC5F71BBDA27400DE9964 /* LaunchScreen.storyboard */,
				958EC5FA1BBDA27400DE9964 /* Info.plist */,
				958EC5E91BBDA27400DE9964 /* Supporting Files */,
				958EC6001BBDA29A00DE9964 /* SecondViewController.h */,
				958EC6011BBDA29A00DE9964 /* SecondViewController.m */,
			);
			path = CodeUnwind;
			sourceTree = "<group>";
		};
		958EC5E91BBDA27400DE9964 /* Supporting Files */ = {
			isa = PBXGroup;
			children = (
				958EC5EA1BBDA27400DE9964 /* main.m */,
			);
			name = "Supporting Files";
			sourceTree = "<group>";
		};
/* End PBXGroup section */

/* Begin PBXNativeTarget section */
		958EC5E51BBDA27400DE9964 /* CodeUnwind */ = {
			isa = PBXNativeTarget;
			buildConfigurationList = 958EC5FD1BBDA27400DE9964 /* Build configuration list for PBXNativeTarget "CodeUnwind" */;
			buildPhases = (
				958EC5E21BBDA27400DE9964 /* Sources */,
				958EC5E31BBDA27400DE9964 /* Frameworks */,
				958EC5E41BBDA27400DE9964 /* Resources */,
			);
			buildRules = (
			);
			dependencies = (
			);
			name = CodeUnwind;
			productName = CodeUnwind;
			productReference = 958EC5E61BBDA27400DE9964 /* CodeUnwind.app */;
			productType = "com.apple.product-type.application";
		};
/* End PBXNativeTarget section */

/* Begin PBXProject section */
		958EC5DE1BBDA27400DE9964 /* Project object */ = {
			isa = PBXProject;
			attributes = {
				LastUpgradeCheck = 0700;
				ORGANIZATIONNAME = Movile;
				TargetAttributes = {
					958EC5E51BBDA27400DE9964 = {
						CreatedOnToolsVersion = 7.0;
					};
				};
			};
			buildConfigurationList = 958EC5E11BBDA27400DE9964 /* Build configuration list for PBXProject "CodeUnwind" */;
			compatibilityVersion = "Xcode 3.2";
			developmentRegion = English;
			hasScannedForEncodings = 0;
			knownRegions = (
				en,
				Base,
			);
			mainGroup = 958EC5DD1BBDA27400DE9964;
			productRefGroup = 958EC5E71BBDA27400DE9964 /* Products */;
			projectDirPath = "";
			projectRoot = "";
			targets = (
				958EC5E51BBDA27400DE9964 /* CodeUnwind */,
			);
		};
/* End PBXProject section */

/* Begin PBXResourcesBuildPhase section */
		958EC5E41BBDA27400DE9964 /* Resources */ = {
			isa = PBXResourcesBuildPhase;
			buildActionMask = 2147483647;
			files = (
				958EC5F91BBDA27400DE9964 /* LaunchScreen.storyboard in Resources */,
				958EC5F61BBDA27400DE9964 /* Assets.xcassets in Resources */,
				958EC5F41BBDA27400DE9964 /* Main.storyboard in Resources */,
			);
			runOnlyForDeploymentPostprocessing = 0;
		};
/* End PBXResourcesBuildPhase section */

/* Begin PBXSourcesBuildPhase section */
		958EC5E21BBDA27400DE9964 /* Sources */ = {
			isa = PBXSourcesBuildPhase;
			buildActionMask = 2147483647;
			files = (
				958EC6021BBDA29A00DE9964 /* SecondViewController.m in Sources */,
				958EC5F11BBDA27400DE9964 /* FirstViewController.m in Sources */,
				958EC5EE1BBDA27400DE9964 /* AppDelegate.m in Sources */,
				958EC5EB1BBDA27400DE9964 /* main.m in Sources */,
			);
			runOnlyForDeploymentPostprocessing = 0;
		};
/* End PBXSourcesBuildPhase section */

/* Begin PBXVariantGroup section */
		958EC5F21BBDA27400DE9964 /* Main.storyboard */ = {
			isa = PBXVariantGroup;
			children = (
				958EC5F31BBDA27400DE9964 /* Base */,
			);
			name = Main.storyboard;
			sourceTree = "<group>";
		};
		958EC5F71BBDA27400DE9964 /* LaunchScreen.storyboard */ = {
			isa = PBXVariantGroup;
			children = (
				958EC5F81BBDA27400DE9964 /* Base */,
			);
			name = LaunchScreen.storyboard;
			sourceTree = "<group>";
		};
/* End PBXVariantGroup section */

/* Begin XCBuildConfiguration section */
		958EC5FB1BBDA27400DE9964 /* Debug */ = {
			isa = XCBuildConfiguration;
			buildSettings = {
				ALWAYS_SEARCH_USER_PATHS = NO;
				CLANG_CXX_LANGUAGE_STANDARD = "gnu++0x";
				CLANG_CXX_LIBRARY = "libc++";
				CLANG_ENABLE_MODULES = YES;
				CLANG_ENABLE_OBJC_ARC = YES;
				CLANG_WARN_BOOL_CONVERSION = YES;
				CLANG_WARN_CONSTANT_CONVERSION = YES;
				CLANG_WARN_DIRECT_OBJC_ISA_USAGE = YES_ERROR;
				CLANG_WARN_EMPTY_BODY = YES;
				CLANG_WARN_ENUM_CONVERSION = YES;
				CLANG_WARN_INT_CONVERSION = YES;
				CLANG_WARN_OBJC_ROOT_CLASS = YES_ERROR;
				CLANG_WARN_UNREACHABLE_CODE = YES;
				CLANG_WARN__DUPLICATE_METHOD_MATCH = YES;
				"CODE_SIGN_IDENTITY[sdk=iphoneos*]" = "iPhone Developer";
				COPY_PHASE_STRIP = NO;
				DEBUG_INFORMATION_FORMAT = dwarf;
				ENABLE_STRICT_OBJC_MSGSEND = YES;
				ENABLE_TESTABILITY = YES;
				GCC_C_LANGUAGE_STANDARD = gnu99;
				GCC_DYNAMIC_NO_PIC = NO;
				GCC_NO_COMMON_BLOCKS = YES;
				GCC_OPTIMIZATION_LEVEL = 0;
				GCC_PREPROCESSOR_DEFINITIONS = (
					"DEBUG=1",
					"$(inherited)",
				);
				GCC_WARN_64_TO_32_BIT_CONVERSION = YES;
				GCC_WARN_ABOUT_RETURN_TYPE = YES_ERROR;
				GCC_WARN_UNDECLARED_SELECTOR = YES;
				GCC_WARN_UNINITIALIZED_AUTOS = YES_AGGRESSIVE;
				GCC_WARN_UNUSED_FUNCTION = YES;
				GCC_WARN_UNUSED_VARIABLE = YES;
				IPHONEOS_DEPLOYMENT_TARGET = 9.0;
				MTL_ENABLE_DEBUG_INFO = YES;
				ONLY_ACTIVE_ARCH = YES;
				SDKROOT = iphoneos;
			};
			name = Debug;
		};
		958EC5FC1BBDA27400DE9964 /* Release */ = {
			isa = XCBuildConfiguration;
			buildSettings = {
				ALWAYS_SEARCH_USER_PATHS = NO;
				CLANG_CXX_LANGUAGE_STANDARD = "gnu++0x";
				CLANG_CXX_LIBRARY = "libc++";
				CLANG_ENABLE_MODULES = YES;
				CLANG_ENABLE_OBJC_ARC = YES;
				CLANG_WARN_BOOL_CONVERSION = YES;
				CLANG_WARN_CONSTANT_CONVERSION = YES;
				CLANG_WARN_DIRECT_OBJC_ISA_USAGE = YES_ERROR;
				CLANG_WARN_EMPTY_BODY = YES;
				CLANG_WARN_ENUM_CONVERSION = YES;
				CLANG_WARN_INT_CONVERSION = YES;
				CLANG_WARN_OBJC_ROOT_CLASS = YES_ERROR;
				CLANG_WARN_UNREACHABLE_CODE = YES;
				CLANG_WARN__DUPLICATE_METHOD_MATCH = YES;
				"CODE_SIGN_IDENTITY[sdk=iphoneos*]" = "iPhone Developer";
				COPY_PHASE_STRIP = NO;
				DEBUG_INFORMATION_FORMAT = "dwarf-with-dsym";
				ENABLE_NS_ASSERTIONS = NO;
				ENABLE_STRICT_OBJC_MSGSEND = YES;
				GCC_C_LANGUAGE_STANDARD = gnu99;
				GCC_NO_COMMON_BLOCKS = YES;
				GCC_WARN_64_TO_32_BIT_CONVERSION = YES;
				GCC_WARN_ABOUT_RETURN_TYPE = YES_ERROR;
				GCC_WARN_UNDECLARED_SELECTOR = YES;
				GCC_WARN_UNINITIALIZED_AUTOS = YES_AGGRESSIVE;
				GCC_WARN_UNUSED_FUNCTION = YES;
				GCC_WARN_UNUSED_VARIABLE = YES;
				IPHONEOS_DEPLOYMENT_TARGET = 9.0;
				MTL_ENABLE_DEBUG_INFO = NO;
				SDKROOT = iphoneos;
				VALIDATE_PRODUCT = YES;
			};
			name = Release;
		};
		958EC5FE1BBDA27400DE9964 /* Debug */ = {
			isa = XCBuildConfiguration;
			buildSettings = {
				ASSETCATALOG_COMPILER_APPICON_NAME = AppIcon;
				INFOPLIST_FILE = CodeUnwind/Info.plist;
				IPHONEOS_DEPLOYMENT_TARGET = 8.1;
				LD_RUNPATH_SEARCH_PATHS = "$(inherited) @executable_path/Frameworks";
				PRODUCT_BUNDLE_IDENTIFIER = com.movile.sample.CodeUnwind;
				PRODUCT_NAME = "$(TARGET_NAME)";
			};
			name = Debug;
		};
		958EC5FF1BBDA27400DE9964 /* Release */ = {
			isa = XCBuildConfiguration;
			buildSettings = {
				ASSETCATALOG_COMPILER_APPICON_NAME = AppIcon;
				INFOPLIST_FILE = CodeUnwind/Info.plist;
				IPHONEOS_DEPLOYMENT_TARGET = 8.1;
				LD_RUNPATH_SEARCH_PATHS = "$(inherited) @executable_path/Frameworks";
				PRODUCT_BUNDLE_IDENTIFIER = com.movile.sample.CodeUnwind;
				PRODUCT_NAME = "$(TARGET_NAME)";
			};
			name = Release;
		};
/* End XCBuildConfiguration section */

/* Begin XCConfigurationList section */
		958EC5E11BBDA27400DE9964 /* Build configuration list for PBXProject "CodeUnwind" */ = {
			isa = XCConfigurationList;
			buildConfigurations = (
				958EC5FB1BBDA27400DE9964 /* Debug */,
				958EC5FC1BBDA27400DE9964 /* Release */,
			);
			defaultConfigurationIsVisible = 0;
			defaultConfigurationName = Release;
		};
		958EC5FD1BBDA27400DE9964 /* Build configuration list for PBXNativeTarget "CodeUnwind" */ = {
			isa = XCConfigurationList;
			buildConfigurations = (
				958EC5FE1BBDA27400DE9964 /* Debug */,
				958EC5FF1BBDA27400DE9964 /* Release */,
			);
			defaultConfigurationIsVisible = 0;
		};
/* End XCConfigurationList section */
	};
	rootObject = 958EC5DE1BBDA27400DE9964 /* Project object */;
}
